
Microsoft Visual Studio Solution File, Format Version 12.00
# Visual Studio Version 17
VisualStudioVersion = 17.5.33502.453
MinimumVisualStudioVersion = 10.0.40219.1
Project("{8BC9CEB8-8B4A-11D0-8D11-00A0C91BC942}") = "ActivityStructure_174", "ActivityStructure_174\ActivityStructure_174.vcxproj", "{314FE349-DAFF-4202-A114-EF4226611607}"
EndProject
Project("{8BC9CEB8-8B4A-11D0-8D11-00A0C91BC942}") = "ActivityStructure2_174", "ActivityStructure2_174\ActivityStructure2_174.vcxproj", "{2213A8A1-1860-43B4-B883-DA584347D999}"
EndProject
Project("{8BC9CEB8-8B4A-11D0-8D11-00A0C91BC942}") = "ActivityStructure3_174", "ActivityStructure3_174\ActivityStructure3_174.vcxproj", "{060445E0-14A7-41DE-AD62-D4A4B7DECD51}"
EndProject
Global
	GlobalSection(SolutionConfigurationPlatforms) = preSolution
		Debug|x64 = Debug|x64
		Debug|x86 = Debug|x86
		Release|x64 = Release|x64
		Release|x86 = Release|x86
	EndGlobalSection
	GlobalSection(ProjectConfigurationPlatforms) = postSolution
		{314FE349-DAFF-4202-A114-EF4226611607}.Debug|x64.ActiveCfg = Debug|x64
		{314FE349-DAFF-4202-A114-EF4226611607}.Debug|x64.Build.0 = Debug|x64
		{314FE349-DAFF-4202-A114-EF4226611607}.Debug|x86.ActiveCfg = Debug|Win32
		{314FE349-DAFF-4202-A114-EF4226611607}.Debug|x86.Build.0 = Debug|Win32
		{314FE349-DAFF-4202-A114-EF4226611607}.Release|x64.ActiveCfg = Release|x64
		{314FE349-DAFF-4202-A114-EF4226611607}.Release|x64.Build.0 = Release|x64
		{314FE349-DAFF-4202-A114-EF4226611607}.Release|x86.ActiveCfg = Release|Win32
		{314FE349-DAFF-4202-A114-EF4226611607}.Release|x86.Build.0 = Release|Win32
		{2213A8A1-1860-43B4-B883-DA584347D999}.Debug|x64.ActiveCfg = Debug|x64
		{2213A8A1-1860-43B4-B883-DA584347D999}.Debug|x64.Build.0 = Debug|x64
		{2213A8A1-1860-43B4-B883-DA584347D999}.Debug|x86.ActiveCfg = Debug|Win32
		{2213A8A1-1860-43B4-B883-DA584347D999}.Debug|x86.Build.0 = Debug|Win32
		{2213A8A1-1860-43B4-B883-DA584347D999}.Release|x64.ActiveCfg = Release|x64
		{2213A8A1-1860-43B4-B883-DA584347D999}.Release|x64.Build.0 = Release|x64
		{2213A8A1-1860-43B4-B883-DA584347D999}.Release|x86.ActiveCfg = Release|Win32
		{2213A8A1-1860-43B4-B883-DA584347D999}.Release|x86.Build.0 = Release|Win32
		{060445E0-14A7-41DE-AD62-D4A4B7DECD51}.Debug|x64.ActiveCfg = Debug|x64
		{060445E0-14A7-41DE-AD62-D4A4B7DECD51}.Debug|x64.Build.0 = Debug|x64
		{060445E0-14A7-41DE-AD62-D4A4B7DECD51}.Debug|x86.ActiveCfg = Debug|Win32
		{060445E0-14A7-41DE-AD62-D4A4B7DECD51}.Debug|x86.Build.0 = Debug|Win32
		{060445E0-14A7-41DE-AD62-D4A4B7DECD51}.Release|x64.ActiveCfg = Release|x64
		{060445E0-14A7-41DE-AD62-D4A4B7DECD51}.Release|x64.Build.0 = Release|x64
		{060445E0-14A7-41DE-AD62-D4A4B7DECD51}.Release|x86.ActiveCfg = Release|Win32
		{060445E0-14A7-41DE-AD62-D4A4B7DECD51}.Release|x86.Build.0 = Release|Win32
	EndGlobalSection
	GlobalSection(SolutionProperties) = preSolution
		HideSolutionNode = FALSE
	EndGlobalSection
	GlobalSection(ExtensibilityGlobals) = postSolution
		SolutionGuid = {B1665373-DB9B-4BA9-8383-0C2AF153CDF6}
	EndGlobalSection
EndGlobal
